
Microsoft Visual Studio Solution File, Format Version 12.00
# Visual Studio Version 17
VisualStudioVersion = 17.0.31903.59
MinimumVisualStudioVersion = 10.0.40219.1
Project("{2150E333-8FDC-42A3-9474-1A3956D46DE8}") = "src", "src", "{A97793E9-7DC6-4BAA-B5F3-C14CDB44C4C1}"
EndProject
Project("{FAE04EC0-301F-11D3-BF4B-00C04F79EFBC}") = "Flow.Domain", "src\Flow.Domain\Flow.Domain.csproj", "{58BC3C64-2665-4E9F-AF39-AE82BD971834}"
EndProject
Project("{FAE04EC0-301F-11D3-BF4B-00C04F79EFBC}") = "Flow.Application", "src\Flow.Application\Flow.Application.csproj", "{154FD31E-2985-4803-BCD0-CE66BA388DB6}"
EndProject
Project("{FAE04EC0-301F-11D3-BF4B-00C04F79EFBC}") = "Flow.Infrastructure", "src\Flow.Infrastructure\Flow.Infrastructure.csproj", "{D22C33AD-7D2A-4E87-9113-4BC18E7DD152}"
EndProject
Project("{FAE04EC0-301F-11D3-BF4B-00C04F79EFBC}") = "Flow.API", "src\Flow.API\Flow.API.csproj", "{FD75C457-88FB-43B5-A497-2747AA957102}"
EndProject
Project("{2150E333-8FDC-42A3-9474-1A3956D46DE8}") = "tests", "tests", "{65974883-7033-41BA-98E5-548C40541E9D}"
EndProject
Project("{FAE04EC0-301F-11D3-BF4B-00C04F79EFBC}") = "Flow.Application.Tests", "tests\Flow.Application.Tests\Flow.Application.Tests.csproj", "{7DA31847-9EBE-4A1C-A766-A81CF681699D}"
EndProject
Project("{FAE04EC0-301F-11D3-BF4B-00C04F79EFBC}") = "Flow.Domain.Tests", "tests\Flow.Domain.Tests\Flow.Domain.Tests.csproj", "{8B5ABA3E-F44E-4948-A072-1C209571BF40}"
EndProject
Project("{FAE04EC0-301F-11D3-BF4B-00C04F79EFBC}") = "Flow.Integration.Tests", "tests\Flow.Integration.Tests\Flow.Integration.Tests.csproj", "{8171AD9B-E0AA-460C-AFD2-2824B311591F}"
EndProject
Project("{FAE04EC0-301F-11D3-BF4B-00C04F79EFBC}") = "Flow.Architecture.Tests", "tests\Flow.Architecture.Tests\Flow.Architecture.Tests.csproj", "{0C82CABD-9EBF-4B93-9F45-97CA8D527CC5}"
EndProject
Global
	GlobalSection(SolutionConfigurationPlatforms) = preSolution
		Debug|Any CPU = Debug|Any CPU
		Debug|x64 = Debug|x64
		Debug|x86 = Debug|x86
		Release|Any CPU = Release|Any CPU
		Release|x64 = Release|x64
		Release|x86 = Release|x86
	EndGlobalSection
	GlobalSection(ProjectConfigurationPlatforms) = postSolution
		{58BC3C64-2665-4E9F-AF39-AE82BD971834}.Debug|Any CPU.ActiveCfg = Debug|Any CPU
		{58BC3C64-2665-4E9F-AF39-AE82BD971834}.Debug|Any CPU.Build.0 = Debug|Any CPU
		{58BC3C64-2665-4E9F-AF39-AE82BD971834}.Debug|x64.ActiveCfg = Debug|Any CPU
		{58BC3C64-2665-4E9F-AF39-AE82BD971834}.Debug|x64.Build.0 = Debug|Any CPU
		{58BC3C64-2665-4E9F-AF39-AE82BD971834}.Debug|x86.ActiveCfg = Debug|Any CPU
		{58BC3C64-2665-4E9F-AF39-AE82BD971834}.Debug|x86.Build.0 = Debug|Any CPU
		{58BC3C64-2665-4E9F-AF39-AE82BD971834}.Release|Any CPU.ActiveCfg = Release|Any CPU
		{58BC3C64-2665-4E9F-AF39-AE82BD971834}.Release|Any CPU.Build.0 = Release|Any CPU
		{58BC3C64-2665-4E9F-AF39-AE82BD971834}.Release|x64.ActiveCfg = Release|Any CPU
		{58BC3C64-2665-4E9F-AF39-AE82BD971834}.Release|x64.Build.0 = Release|Any CPU
		{58BC3C64-2665-4E9F-AF39-AE82BD971834}.Release|x86.ActiveCfg = Release|Any CPU
		{58BC3C64-2665-4E9F-AF39-AE82BD971834}.Release|x86.Build.0 = Release|Any CPU
		{154FD31E-2985-4803-BCD0-CE66BA388DB6}.Debug|Any CPU.ActiveCfg = Debug|Any CPU
		{154FD31E-2985-4803-BCD0-CE66BA388DB6}.Debug|Any CPU.Build.0 = Debug|Any CPU
		{154FD31E-2985-4803-BCD0-CE66BA388DB6}.Debug|x64.ActiveCfg = Debug|Any CPU
		{154FD31E-2985-4803-BCD0-CE66BA388DB6}.Debug|x64.Build.0 = Debug|Any CPU
		{154FD31E-2985-4803-BCD0-CE66BA388DB6}.Debug|x86.ActiveCfg = Debug|Any CPU
		{154FD31E-2985-4803-BCD0-CE66BA388DB6}.Debug|x86.Build.0 = Debug|Any CPU
		{154FD31E-2985-4803-BCD0-CE66BA388DB6}.Release|Any CPU.ActiveCfg = Release|Any CPU
		{154FD31E-2985-4803-BCD0-CE66BA388DB6}.Release|Any CPU.Build.0 = Release|Any CPU
		{154FD31E-2985-4803-BCD0-CE66BA388DB6}.Release|x64.ActiveCfg = Release|Any CPU
		{154FD31E-2985-4803-BCD0-CE66BA388DB6}.Release|x64.Build.0 = Release|Any CPU
		{154FD31E-2985-4803-BCD0-CE66BA388DB6}.Release|x86.ActiveCfg = Release|Any CPU
		{154FD31E-2985-4803-BCD0-CE66BA388DB6}.Release|x86.Build.0 = Release|Any CPU
		{D22C33AD-7D2A-4E87-9113-4BC18E7DD152}.Debug|Any CPU.ActiveCfg = Debug|Any CPU
		{D22C33AD-7D2A-4E87-9113-4BC18E7DD152}.Debug|Any CPU.Build.0 = Debug|Any CPU
		{D22C33AD-7D2A-4E87-9113-4BC18E7DD152}.Debug|x64.ActiveCfg = Debug|Any CPU
		{D22C33AD-7D2A-4E87-9113-4BC18E7DD152}.Debug|x64.Build.0 = Debug|Any CPU
		{D22C33AD-7D2A-4E87-9113-4BC18E7DD152}.Debug|x86.ActiveCfg = Debug|Any CPU
		{D22C33AD-7D2A-4E87-9113-4BC18E7DD152}.Debug|x86.Build.0 = Debug|Any CPU
		{D22C33AD-7D2A-4E87-9113-4BC18E7DD152}.Release|Any CPU.ActiveCfg = Release|Any CPU
		{D22C33AD-7D2A-4E87-9113-4BC18E7DD152}.Release|Any CPU.Build.0 = Release|Any CPU
		{D22C33AD-7D2A-4E87-9113-4BC18E7DD152}.Release|x64.ActiveCfg = Release|Any CPU
		{D22C33AD-7D2A-4E87-9113-4BC18E7DD152}.Release|x64.Build.0 = Release|Any CPU
		{D22C33AD-7D2A-4E87-9113-4BC18E7DD152}.Release|x86.ActiveCfg = Release|Any CPU
		{D22C33AD-7D2A-4E87-9113-4BC18E7DD152}.Release|x86.Build.0 = Release|Any CPU
		{FD75C457-88FB-43B5-A497-2747AA957102}.Debug|Any CPU.ActiveCfg = Debug|Any CPU
		{FD75C457-88FB-43B5-A497-2747AA957102}.Debug|Any CPU.Build.0 = Debug|Any CPU
		{FD75C457-88FB-43B5-A497-2747AA957102}.Debug|x64.ActiveCfg = Debug|Any CPU
		{FD75C457-88FB-43B5-A497-2747AA957102}.Debug|x64.Build.0 = Debug|Any CPU
		{FD75C457-88FB-43B5-A497-2747AA957102}.Debug|x86.ActiveCfg = Debug|Any CPU
		{FD75C457-88FB-43B5-A497-2747AA957102}.Debug|x86.Build.0 = Debug|Any CPU
		{FD75C457-88FB-43B5-A497-2747AA957102}.Release|Any CPU.ActiveCfg = Release|Any CPU
		{FD75C457-88FB-43B5-A497-2747AA957102}.Release|Any CPU.Build.0 = Release|Any CPU
		{FD75C457-88FB-43B5-A497-2747AA957102}.Release|x64.ActiveCfg = Release|Any CPU
		{FD75C457-88FB-43B5-A497-2747AA957102}.Release|x64.Build.0 = Release|Any CPU
		{FD75C457-88FB-43B5-A497-2747AA957102}.Release|x86.ActiveCfg = Release|Any CPU
		{FD75C457-88FB-43B5-A497-2747AA957102}.Release|x86.Build.0 = Release|Any CPU
		{7DA31847-9EBE-4A1C-A766-A81CF681699D}.Debug|Any CPU.ActiveCfg = Debug|Any CPU
		{7DA31847-9EBE-4A1C-A766-A81CF681699D}.Debug|Any CPU.Build.0 = Debug|Any CPU
		{7DA31847-9EBE-4A1C-A766-A81CF681699D}.Debug|x64.ActiveCfg = Debug|Any CPU
		{7DA31847-9EBE-4A1C-A766-A81CF681699D}.Debug|x64.Build.0 = Debug|Any CPU
		{7DA31847-9EBE-4A1C-A766-A81CF681699D}.Debug|x86.ActiveCfg = Debug|Any CPU
		{7DA31847-9EBE-4A1C-A766-A81CF681699D}.Debug|x86.Build.0 = Debug|Any CPU
		{7DA31847-9EBE-4A1C-A766-A81CF681699D}.Release|Any CPU.ActiveCfg = Release|Any CPU
		{7DA31847-9EBE-4A1C-A766-A81CF681699D}.Release|Any CPU.Build.0 = Release|Any CPU
		{7DA31847-9EBE-4A1C-A766-A81CF681699D}.Release|x64.ActiveCfg = Release|Any CPU
		{7DA31847-9EBE-4A1C-A766-A81CF681699D}.Release|x64.Build.0 = Release|Any CPU
		{7DA31847-9EBE-4A1C-A766-A81CF681699D}.Release|x86.ActiveCfg = Release|Any CPU
		{7DA31847-9EBE-4A1C-A766-A81CF681699D}.Release|x86.Build.0 = Release|Any CPU
		{8B5ABA3E-F44E-4948-A072-1C209571BF40}.Debug|Any CPU.ActiveCfg = Debug|Any CPU
		{8B5ABA3E-F44E-4948-A072-1C209571BF40}.Debug|Any CPU.Build.0 = Debug|Any CPU
		{8B5ABA3E-F44E-4948-A072-1C209571BF40}.Debug|x64.ActiveCfg = Debug|Any CPU
		{8B5ABA3E-F44E-4948-A072-1C209571BF40}.Debug|x64.Build.0 = Debug|Any CPU
		{8B5ABA3E-F44E-4948-A072-1C209571BF40}.Debug|x86.ActiveCfg = Debug|Any CPU
		{8B5ABA3E-F44E-4948-A072-1C209571BF40}.Debug|x86.Build.0 = Debug|Any CPU
		{8B5ABA3E-F44E-4948-A072-1C209571BF40}.Release|Any CPU.ActiveCfg = Release|Any CPU
		{8B5ABA3E-F44E-4948-A072-1C209571BF40}.Release|Any CPU.Build.0 = Release|Any CPU
		{8B5ABA3E-F44E-4948-A072-1C209571BF40}.Release|x64.ActiveCfg = Release|Any CPU
		{8B5ABA3E-F44E-4948-A072-1C209571BF40}.Release|x64.Build.0 = Release|Any CPU
		{8B5ABA3E-F44E-4948-A072-1C209571BF40}.Release|x86.ActiveCfg = Release|Any CPU
		{8B5ABA3E-F44E-4948-A072-1C209571BF40}.Release|x86.Build.0 = Release|Any CPU
		{8171AD9B-E0AA-460C-AFD2-2824B311591F}.Debug|Any CPU.ActiveCfg = Debug|Any CPU
		{8171AD9B-E0AA-460C-AFD2-2824B311591F}.Debug|Any CPU.Build.0 = Debug|Any CPU
		{8171AD9B-E0AA-460C-AFD2-2824B311591F}.Debug|x64.ActiveCfg = Debug|Any CPU
		{8171AD9B-E0AA-460C-AFD2-2824B311591F}.Debug|x64.Build.0 = Debug|Any CPU
		{8171AD9B-E0AA-460C-AFD2-2824B311591F}.Debug|x86.ActiveCfg = Debug|Any CPU
		{8171AD9B-E0AA-460C-AFD2-2824B311591F}.Debug|x86.Build.0 = Debug|Any CPU
		{8171AD9B-E0AA-460C-AFD2-2824B311591F}.Release|Any CPU.ActiveCfg = Release|Any CPU
		{8171AD9B-E0AA-460C-AFD2-2824B311591F}.Release|Any CPU.Build.0 = Release|Any CPU
		{8171AD9B-E0AA-460C-AFD2-2824B311591F}.Release|x64.ActiveCfg = Release|Any CPU
		{8171AD9B-E0AA-460C-AFD2-2824B311591F}.Release|x64.Build.0 = Release|Any CPU
		{8171AD9B-E0AA-460C-AFD2-2824B311591F}.Release|x86.ActiveCfg = Release|Any CPU
		{8171AD9B-E0AA-460C-AFD2-2824B311591F}.Release|x86.Build.0 = Release|Any CPU
		{0C82CABD-9EBF-4B93-9F45-97CA8D527CC5}.Debug|Any CPU.ActiveCfg = Debug|Any CPU
		{0C82CABD-9EBF-4B93-9F45-97CA8D527CC5}.Debug|Any CPU.Build.0 = Debug|Any CPU
		{0C82CABD-9EBF-4B93-9F45-97CA8D527CC5}.Debug|x64.ActiveCfg = Debug|Any CPU
		{0C82CABD-9EBF-4B93-9F45-97CA8D527CC5}.Debug|x64.Build.0 = Debug|Any CPU
		{0C82CABD-9EBF-4B93-9F45-97CA8D527CC5}.Debug|x86.ActiveCfg = Debug|Any CPU
		{0C82CABD-9EBF-4B93-9F45-97CA8D527CC5}.Debug|x86.Build.0 = Debug|Any CPU
		{0C82CABD-9EBF-4B93-9F45-97CA8D527CC5}.Release|Any CPU.ActiveCfg = Release|Any CPU
		{0C82CABD-9EBF-4B93-9F45-97CA8D527CC5}.Release|Any CPU.Build.0 = Release|Any CPU
		{0C82CABD-9EBF-4B93-9F45-97CA8D527CC5}.Release|x64.ActiveCfg = Release|Any CPU
		{0C82CABD-9EBF-4B93-9F45-97CA8D527CC5}.Release|x64.Build.0 = Release|Any CPU
		{0C82CABD-9EBF-4B93-9F45-97CA8D527CC5}.Release|x86.ActiveCfg = Release|Any CPU
		{0C82CABD-9EBF-4B93-9F45-97CA8D527CC5}.Release|x86.Build.0 = Release|Any CPU
	EndGlobalSection
	GlobalSection(SolutionProperties) = preSolution
		HideSolutionNode = FALSE
	EndGlobalSection
	GlobalSection(NestedProjects) = preSolution
		{58BC3C64-2665-4E9F-AF39-AE82BD971834} = {A97793E9-7DC6-4BAA-B5F3-C14CDB44C4C1}
		{154FD31E-2985-4803-BCD0-CE66BA388DB6} = {A97793E9-7DC6-4BAA-B5F3-C14CDB44C4C1}
		{D22C33AD-7D2A-4E87-9113-4BC18E7DD152} = {A97793E9-7DC6-4BAA-B5F3-C14CDB44C4C1}
		{FD75C457-88FB-43B5-A497-2747AA957102} = {A97793E9-7DC6-4BAA-B5F3-C14CDB44C4C1}
		{7DA31847-9EBE-4A1C-A766-A81CF681699D} = {65974883-7033-41BA-98E5-548C40541E9D}
		{8B5ABA3E-F44E-4948-A072-1C209571BF40} = {65974883-7033-41BA-98E5-548C40541E9D}
		{8171AD9B-E0AA-460C-AFD2-2824B311591F} = {65974883-7033-41BA-98E5-548C40541E9D}
		{0C82CABD-9EBF-4B93-9F45-97CA8D527CC5} = {65974883-7033-41BA-98E5-548C40541E9D}
	EndGlobalSection
EndGlobal
